
Microsoft Visual Studio Solution File, Format Version 12.00
# Visual Studio Version 17
VisualStudioVersion = 17.0.31903.59
MinimumVisualStudioVersion = 10.0.40219.1
Project("{2150E333-8FDC-42A3-9474-1A3956D46DE8}") = "src", "src", "{7D6D99B3-3CEF-442B-B8DD-E853AB3DBC98}"
EndProject
Project("{2150E333-8FDC-42A3-9474-1A3956D46DE8}") = "ApiGateway", "ApiGateway", "{9AFC8EC2-487C-454D-AD57-217AB4E82AA6}"
EndProject
Project("{FAE04EC0-301F-11D3-BF4B-00C04F79EFBC}") = "Gateway.Api", "src\ApiGateway\Gateway.Api\Gateway.Api.csproj", "{8D38CB51-B346-4705-9F4E-C261F345EB21}"
EndProject
Project("{2150E333-8FDC-42A3-9474-1A3956D46DE8}") = "BuildingBlocks", "BuildingBlocks", "{65D840B9-0CDA-44DD-B28E-1F869652BF0F}"
EndProject
Project("{FAE04EC0-301F-11D3-BF4B-00C04F79EFBC}") = "BuildingBlocks.Common", "src\BuildingBlocks\Common\BuildingBlocks.Common.csproj", "{6A89723A-4C98-46F2-9398-44ADF3531CA9}"
EndProject
Project("{FAE04EC0-301F-11D3-BF4B-00C04F79EFBC}") = "EventBus.Contracts", "src\BuildingBlocks\EventBus.Contracts\EventBus.Contracts.csproj", "{9BB1CE3A-D9AE-481F-B5C2-43DF608D7C26}"
EndProject
Project("{FAE04EC0-301F-11D3-BF4B-00C04F79EFBC}") = "BuildingBlocks.Logging", "src\BuildingBlocks\Logging\BuildingBlocks.Logging.csproj", "{3B911FAD-7649-4F4F-9FC5-F09F55ECDA78}"
EndProject
Project("{2150E333-8FDC-42A3-9474-1A3956D46DE8}") = "Services", "Services", "{0391583D-83E1-4F5C-A460-305BAFDB5685}"
EndProject
Project("{2150E333-8FDC-42A3-9474-1A3956D46DE8}") = "Basket", "Basket", "{5EEC84E8-FF6B-4D9D-A6F6-8FFB19FF762A}"
EndProject
Project("{FAE04EC0-301F-11D3-BF4B-00C04F79EFBC}") = "Basket.Api", "src\Services\Basket\Basket.Api\Basket.Api.csproj", "{8242DDDF-5E39-4711-81A9-AA750BCCC15A}"
EndProject
Project("{2150E333-8FDC-42A3-9474-1A3956D46DE8}") = "Catalog", "Catalog", "{20331916-F2BD-49AD-AB48-B05BAE9165B8}"
EndProject
Project("{FAE04EC0-301F-11D3-BF4B-00C04F79EFBC}") = "Catalog.Api", "src\Services\Catalog\Catalog.Api\Catalog.Api.csproj", "{0C697227-4D0C-47F6-967C-8A23F700A61F}"
EndProject
Project("{FAE04EC0-301F-11D3-BF4B-00C04F79EFBC}") = "Catalog.Domain", "src\Services\Catalog\Catalog.Domain\Catalog.Domain.csproj", "{F495976D-CCFB-45F1-A937-9E18C0FD966A}"
EndProject
Project("{FAE04EC0-301F-11D3-BF4B-00C04F79EFBC}") = "Catalog.Infrastructure", "src\Services\Catalog\Catalog.Infrastructure\Catalog.Infrastructure.csproj", "{FEDB1D73-B753-4D7F-A805-646F11AEC696}"
EndProject
Project("{2150E333-8FDC-42A3-9474-1A3956D46DE8}") = "Identity", "Identity", "{FAE69312-5A46-42F8-A591-9B246C601D74}"
EndProject
Project("{FAE04EC0-301F-11D3-BF4B-00C04F79EFBC}") = "Identity.Api", "src\Services\Identity\Identity.Api\Identity.Api.csproj", "{CE2CCF63-1075-4BC6-A7CB-7A3B55062843}"
EndProject
Project("{FAE04EC0-301F-11D3-BF4B-00C04F79EFBC}") = "Identity.Domain", "src\Services\Identity\Identity.Domain\Identity.Domain.csproj", "{CC4A93E3-0308-471F-819A-34426E50FE43}"
EndProject
Project("{FAE04EC0-301F-11D3-BF4B-00C04F79EFBC}") = "Identity.Infrastructure", "src\Services\Identity\Identity.Infrastructure\Identity.Infrastructure.csproj", "{FBF7D517-7293-4971-8B83-1E8313D98694}"
EndProject
Project("{2150E333-8FDC-42A3-9474-1A3956D46DE8}") = "Inventory", "Inventory", "{D4076CCD-4189-4D57-8B0F-2707D6541BDD}"
EndProject
Project("{FAE04EC0-301F-11D3-BF4B-00C04F79EFBC}") = "Inventory.Api", "src\Services\Inventory\Inventory.Api\Inventory.Api.csproj", "{DC63B495-D182-42FC-BC5E-B048D32F9EB1}"
EndProject
Project("{2150E333-8FDC-42A3-9474-1A3956D46DE8}") = "Notification", "Notification", "{8C172FD2-21BB-4F6E-BA29-AAD09CFB9018}"
EndProject
Project("{FAE04EC0-301F-11D3-BF4B-00C04F79EFBC}") = "Notification.Api", "src\Services\Notification\Notification.Api\Notification.Api.csproj", "{55B48589-30EC-4718-B52C-660F818CAC15}"
EndProject
Project("{2150E333-8FDC-42A3-9474-1A3956D46DE8}") = "Ordering", "Ordering", "{F1B608A0-CA49-47A8-8E2B-1866D86979BB}"
EndProject
Project("{FAE04EC0-301F-11D3-BF4B-00C04F79EFBC}") = "Ordering.Api", "src\Services\Ordering\Ordering.Api\Ordering.Api.csproj", "{60899DDC-3CFA-4695-B439-9C6495824DF3}"
EndProject
Project("{FAE04EC0-301F-11D3-BF4B-00C04F79EFBC}") = "Ordering.Domain", "src\Services\Ordering\Ordering.Domain\Ordering.Domain.csproj", "{9DDFF464-EA92-492C-A45F-5C7900E230B8}"
EndProject
Project("{FAE04EC0-301F-11D3-BF4B-00C04F79EFBC}") = "Ordering.Infrastructure", "src\Services\Ordering\Ordering.Infrastructure\Ordering.Infrastructure.csproj", "{6AD08B5A-1B09-4ED2-82D7-B0AFA3BB0D25}"
EndProject
Project("{FAE04EC0-301F-11D3-BF4B-00C04F79EFBC}") = "Ordering.Saga", "src\Services\Ordering\Ordering.Saga\Ordering.Saga.csproj", "{9B3BF775-D3E9-4085-AEE4-AEEA1E4F3A69}"
EndProject
Project("{2150E333-8FDC-42A3-9474-1A3956D46DE8}") = "Payment", "Payment", "{46D11928-057E-4580-9CC9-0320D75ADC94}"
EndProject
Project("{FAE04EC0-301F-11D3-BF4B-00C04F79EFBC}") = "Payment.Api", "src\Services\Payment\Payment.Api\Payment.Api.csproj", "{094F6940-54F4-490A-A5BB-DD2DCEEDE9D6}"
EndProject
Project("{2150E333-8FDC-42A3-9474-1A3956D46DE8}") = "Search", "Search", "{E491186D-53A5-48FD-B8CF-E9E083E4669B}"
EndProject
Project("{FAE04EC0-301F-11D3-BF4B-00C04F79EFBC}") = "Search.Api", "src\Services\Search\Search.Api\Search.Api.csproj", "{33467CA3-1131-4A1E-AE50-501C53F283D9}"
EndProject
Project("{2150E333-8FDC-42A3-9474-1A3956D46DE8}") = "tests", "tests", "{1849372D-FC9F-46B3-A957-809E72C8A1C9}"
EndProject
Project("{FAE04EC0-301F-11D3-BF4B-00C04F79EFBC}") = "Identity.UnitTests", "tests\Identity.UnitTests\Identity.UnitTests.csproj", "{5F22D31B-1774-4D92-B5C4-6B9A600CD853}"
EndProject
Project("{FAE04EC0-301F-11D3-BF4B-00C04F79EFBC}") = "Catalog.UnitTests", "tests\Catalog.UnitTests\Catalog.UnitTests.csproj", "{C1ADBDA7-EC0B-49C8-B8C1-0BEC29BA6C33}"
EndProject
Project("{FAE04EC0-301F-11D3-BF4B-00C04F79EFBC}") = "Ordering.UnitTests", "tests\Ordering.UnitTests\Ordering.UnitTests.csproj", "{851DC465-0E7E-40B2-BFAE-2AD8A35842F6}"
EndProject
Project("{FAE04EC0-301F-11D3-BF4B-00C04F79EFBC}") = "Ordering.Saga.Tests", "tests\Ordering.Saga.Tests\Ordering.Saga.Tests.csproj", "{8FCCB275-ABCB-46F8-BE9D-E6331E7DBF58}"
EndProject
Project("{FAE04EC0-301F-11D3-BF4B-00C04F79EFBC}") = "IntegrationTests", "tests\IntegrationTests\IntegrationTests.csproj", "{EF34A7F9-273B-4578-BB2B-BA4FA1514E3A}"
EndProject
Global
	GlobalSection(SolutionConfigurationPlatforms) = preSolution
		Debug|Any CPU = Debug|Any CPU
		Release|Any CPU = Release|Any CPU
	EndGlobalSection
	GlobalSection(SolutionProperties) = preSolution
		HideSolutionNode = FALSE
	EndGlobalSection
	GlobalSection(ProjectConfigurationPlatforms) = postSolution
		{8D38CB51-B346-4705-9F4E-C261F345EB21}.Debug|Any CPU.ActiveCfg = Debug|Any CPU
		{8D38CB51-B346-4705-9F4E-C261F345EB21}.Debug|Any CPU.Build.0 = Debug|Any CPU
		{8D38CB51-B346-4705-9F4E-C261F345EB21}.Release|Any CPU.ActiveCfg = Release|Any CPU
		{8D38CB51-B346-4705-9F4E-C261F345EB21}.Release|Any CPU.Build.0 = Release|Any CPU
		{6A89723A-4C98-46F2-9398-44ADF3531CA9}.Debug|Any CPU.ActiveCfg = Debug|Any CPU
		{6A89723A-4C98-46F2-9398-44ADF3531CA9}.Debug|Any CPU.Build.0 = Debug|Any CPU
		{6A89723A-4C98-46F2-9398-44ADF3531CA9}.Release|Any CPU.ActiveCfg = Release|Any CPU
		{6A89723A-4C98-46F2-9398-44ADF3531CA9}.Release|Any CPU.Build.0 = Release|Any CPU
		{9BB1CE3A-D9AE-481F-B5C2-43DF608D7C26}.Debug|Any CPU.ActiveCfg = Debug|Any CPU
		{9BB1CE3A-D9AE-481F-B5C2-43DF608D7C26}.Debug|Any CPU.Build.0 = Debug|Any CPU
		{9BB1CE3A-D9AE-481F-B5C2-43DF608D7C26}.Release|Any CPU.ActiveCfg = Release|Any CPU
		{9BB1CE3A-D9AE-481F-B5C2-43DF608D7C26}.Release|Any CPU.Build.0 = Release|Any CPU
		{3B911FAD-7649-4F4F-9FC5-F09F55ECDA78}.Debug|Any CPU.ActiveCfg = Debug|Any CPU
		{3B911FAD-7649-4F4F-9FC5-F09F55ECDA78}.Debug|Any CPU.Build.0 = Debug|Any CPU
		{3B911FAD-7649-4F4F-9FC5-F09F55ECDA78}.Release|Any CPU.ActiveCfg = Release|Any CPU
		{3B911FAD-7649-4F4F-9FC5-F09F55ECDA78}.Release|Any CPU.Build.0 = Release|Any CPU
		{8242DDDF-5E39-4711-81A9-AA750BCCC15A}.Debug|Any CPU.ActiveCfg = Debug|Any CPU
		{8242DDDF-5E39-4711-81A9-AA750BCCC15A}.Debug|Any CPU.Build.0 = Debug|Any CPU
		{8242DDDF-5E39-4711-81A9-AA750BCCC15A}.Release|Any CPU.ActiveCfg = Release|Any CPU
		{8242DDDF-5E39-4711-81A9-AA750BCCC15A}.Release|Any CPU.Build.0 = Release|Any CPU
		{0C697227-4D0C-47F6-967C-8A23F700A61F}.Debug|Any CPU.ActiveCfg = Debug|Any CPU
		{0C697227-4D0C-47F6-967C-8A23F700A61F}.Debug|Any CPU.Build.0 = Debug|Any CPU
		{0C697227-4D0C-47F6-967C-8A23F700A61F}.Release|Any CPU.ActiveCfg = Release|Any CPU
		{0C697227-4D0C-47F6-967C-8A23F700A61F}.Release|Any CPU.Build.0 = Release|Any CPU
		{F495976D-CCFB-45F1-A937-9E18C0FD966A}.Debug|Any CPU.ActiveCfg = Debug|Any CPU
		{F495976D-CCFB-45F1-A937-9E18C0FD966A}.Debug|Any CPU.Build.0 = Debug|Any CPU
		{F495976D-CCFB-45F1-A937-9E18C0FD966A}.Release|Any CPU.ActiveCfg = Release|Any CPU
		{F495976D-CCFB-45F1-A937-9E18C0FD966A}.Release|Any CPU.Build.0 = Release|Any CPU
		{FEDB1D73-B753-4D7F-A805-646F11AEC696}.Debug|Any CPU.ActiveCfg = Debug|Any CPU
		{FEDB1D73-B753-4D7F-A805-646F11AEC696}.Debug|Any CPU.Build.0 = Debug|Any CPU
		{FEDB1D73-B753-4D7F-A805-646F11AEC696}.Release|Any CPU.ActiveCfg = Release|Any CPU
		{FEDB1D73-B753-4D7F-A805-646F11AEC696}.Release|Any CPU.Build.0 = Release|Any CPU
		{CE2CCF63-1075-4BC6-A7CB-7A3B55062843}.Debug|Any CPU.ActiveCfg = Debug|Any CPU
		{CE2CCF63-1075-4BC6-A7CB-7A3B55062843}.Debug|Any CPU.Build.0 = Debug|Any CPU
		{CE2CCF63-1075-4BC6-A7CB-7A3B55062843}.Release|Any CPU.ActiveCfg = Release|Any CPU
		{CE2CCF63-1075-4BC6-A7CB-7A3B55062843}.Release|Any CPU.Build.0 = Release|Any CPU
		{CC4A93E3-0308-471F-819A-34426E50FE43}.Debug|Any CPU.ActiveCfg = Debug|Any CPU
		{CC4A93E3-0308-471F-819A-34426E50FE43}.Debug|Any CPU.Build.0 = Debug|Any CPU
		{CC4A93E3-0308-471F-819A-34426E50FE43}.Release|Any CPU.ActiveCfg = Release|Any CPU
		{CC4A93E3-0308-471F-819A-34426E50FE43}.Release|Any CPU.Build.0 = Release|Any CPU
		{FBF7D517-7293-4971-8B83-1E8313D98694}.Debug|Any CPU.ActiveCfg = Debug|Any CPU
		{FBF7D517-7293-4971-8B83-1E8313D98694}.Debug|Any CPU.Build.0 = Debug|Any CPU
		{FBF7D517-7293-4971-8B83-1E8313D98694}.Release|Any CPU.ActiveCfg = Release|Any CPU
		{FBF7D517-7293-4971-8B83-1E8313D98694}.Release|Any CPU.Build.0 = Release|Any CPU
		{DC63B495-D182-42FC-BC5E-B048D32F9EB1}.Debug|Any CPU.ActiveCfg = Debug|Any CPU
		{DC63B495-D182-42FC-BC5E-B048D32F9EB1}.Debug|Any CPU.Build.0 = Debug|Any CPU
		{DC63B495-D182-42FC-BC5E-B048D32F9EB1}.Release|Any CPU.ActiveCfg = Release|Any CPU
		{DC63B495-D182-42FC-BC5E-B048D32F9EB1}.Release|Any CPU.Build.0 = Release|Any CPU
		{55B48589-30EC-4718-B52C-660F818CAC15}.Debug|Any CPU.ActiveCfg = Debug|Any CPU
		{55B48589-30EC-4718-B52C-660F818CAC15}.Debug|Any CPU.Build.0 = Debug|Any CPU
		{55B48589-30EC-4718-B52C-660F818CAC15}.Release|Any CPU.ActiveCfg = Release|Any CPU
		{55B48589-30EC-4718-B52C-660F818CAC15}.Release|Any CPU.Build.0 = Release|Any CPU
		{60899DDC-3CFA-4695-B439-9C6495824DF3}.Debug|Any CPU.ActiveCfg = Debug|Any CPU
		{60899DDC-3CFA-4695-B439-9C6495824DF3}.Debug|Any CPU.Build.0 = Debug|Any CPU
		{60899DDC-3CFA-4695-B439-9C6495824DF3}.Release|Any CPU.ActiveCfg = Release|Any CPU
		{60899DDC-3CFA-4695-B439-9C6495824DF3}.Release|Any CPU.Build.0 = Release|Any CPU
		{9DDFF464-EA92-492C-A45F-5C7900E230B8}.Debug|Any CPU.ActiveCfg = Debug|Any CPU
		{9DDFF464-EA92-492C-A45F-5C7900E230B8}.Debug|Any CPU.Build.0 = Debug|Any CPU
		{9DDFF464-EA92-492C-A45F-5C7900E230B8}.Release|Any CPU.ActiveCfg = Release|Any CPU
		{9DDFF464-EA92-492C-A45F-5C7900E230B8}.Release|Any CPU.Build.0 = Release|Any CPU
		{6AD08B5A-1B09-4ED2-82D7-B0AFA3BB0D25}.Debug|Any CPU.ActiveCfg = Debug|Any CPU
		{6AD08B5A-1B09-4ED2-82D7-B0AFA3BB0D25}.Debug|Any CPU.Build.0 = Debug|Any CPU
		{6AD08B5A-1B09-4ED2-82D7-B0AFA3BB0D25}.Release|Any CPU.ActiveCfg = Release|Any CPU
		{6AD08B5A-1B09-4ED2-82D7-B0AFA3BB0D25}.Release|Any CPU.Build.0 = Release|Any CPU
		{9B3BF775-D3E9-4085-AEE4-AEEA1E4F3A69}.Debug|Any CPU.ActiveCfg = Debug|Any CPU
		{9B3BF775-D3E9-4085-AEE4-AEEA1E4F3A69}.Debug|Any CPU.Build.0 = Debug|Any CPU
		{9B3BF775-D3E9-4085-AEE4-AEEA1E4F3A69}.Release|Any CPU.ActiveCfg = Release|Any CPU
		{9B3BF775-D3E9-4085-AEE4-AEEA1E4F3A69}.Release|Any CPU.Build.0 = Release|Any CPU
		{094F6940-54F4-490A-A5BB-DD2DCEEDE9D6}.Debug|Any CPU.ActiveCfg = Debug|Any CPU
		{094F6940-54F4-490A-A5BB-DD2DCEEDE9D6}.Debug|Any CPU.Build.0 = Debug|Any CPU
		{094F6940-54F4-490A-A5BB-DD2DCEEDE9D6}.Release|Any CPU.ActiveCfg = Release|Any CPU
		{094F6940-54F4-490A-A5BB-DD2DCEEDE9D6}.Release|Any CPU.Build.0 = Release|Any CPU
		{33467CA3-1131-4A1E-AE50-501C53F283D9}.Debug|Any CPU.ActiveCfg = Debug|Any CPU
		{33467CA3-1131-4A1E-AE50-501C53F283D9}.Debug|Any CPU.Build.0 = Debug|Any CPU
		{33467CA3-1131-4A1E-AE50-501C53F283D9}.Release|Any CPU.ActiveCfg = Release|Any CPU
		{33467CA3-1131-4A1E-AE50-501C53F283D9}.Release|Any CPU.Build.0 = Release|Any CPU
		{5F22D31B-1774-4D92-B5C4-6B9A600CD853}.Debug|Any CPU.ActiveCfg = Debug|Any CPU
		{5F22D31B-1774-4D92-B5C4-6B9A600CD853}.Debug|Any CPU.Build.0 = Debug|Any CPU
		{5F22D31B-1774-4D92-B5C4-6B9A600CD853}.Release|Any CPU.ActiveCfg = Release|Any CPU
		{5F22D31B-1774-4D92-B5C4-6B9A600CD853}.Release|Any CPU.Build.0 = Release|Any CPU
		{C1ADBDA7-EC0B-49C8-B8C1-0BEC29BA6C33}.Debug|Any CPU.ActiveCfg = Debug|Any CPU
		{C1ADBDA7-EC0B-49C8-B8C1-0BEC29BA6C33}.Debug|Any CPU.Build.0 = Debug|Any CPU
		{C1ADBDA7-EC0B-49C8-B8C1-0BEC29BA6C33}.Release|Any CPU.ActiveCfg = Release|Any CPU
		{C1ADBDA7-EC0B-49C8-B8C1-0BEC29BA6C33}.Release|Any CPU.Build.0 = Release|Any CPU
		{851DC465-0E7E-40B2-BFAE-2AD8A35842F6}.Debug|Any CPU.ActiveCfg = Debug|Any CPU
		{851DC465-0E7E-40B2-BFAE-2AD8A35842F6}.Debug|Any CPU.Build.0 = Debug|Any CPU
		{851DC465-0E7E-40B2-BFAE-2AD8A35842F6}.Release|Any CPU.ActiveCfg = Release|Any CPU
		{851DC465-0E7E-40B2-BFAE-2AD8A35842F6}.Release|Any CPU.Build.0 = Release|Any CPU
		{8FCCB275-ABCB-46F8-BE9D-E6331E7DBF58}.Debug|Any CPU.ActiveCfg = Debug|Any CPU
		{8FCCB275-ABCB-46F8-BE9D-E6331E7DBF58}.Debug|Any CPU.Build.0 = Debug|Any CPU
		{8FCCB275-ABCB-46F8-BE9D-E6331E7DBF58}.Release|Any CPU.ActiveCfg = Release|Any CPU
		{8FCCB275-ABCB-46F8-BE9D-E6331E7DBF58}.Release|Any CPU.Build.0 = Release|Any CPU
		{EF34A7F9-273B-4578-BB2B-BA4FA1514E3A}.Debug|Any CPU.ActiveCfg = Debug|Any CPU
		{EF34A7F9-273B-4578-BB2B-BA4FA1514E3A}.Debug|Any CPU.Build.0 = Debug|Any CPU
		{EF34A7F9-273B-4578-BB2B-BA4FA1514E3A}.Release|Any CPU.ActiveCfg = Release|Any CPU
		{EF34A7F9-273B-4578-BB2B-BA4FA1514E3A}.Release|Any CPU.Build.0 = Release|Any CPU
	EndGlobalSection
	GlobalSection(NestedProjects) = preSolution
		{9AFC8EC2-487C-454D-AD57-217AB4E82AA6} = {7D6D99B3-3CEF-442B-B8DD-E853AB3DBC98}
		{8D38CB51-B346-4705-9F4E-C261F345EB21} = {9AFC8EC2-487C-454D-AD57-217AB4E82AA6}
		{65D840B9-0CDA-44DD-B28E-1F869652BF0F} = {7D6D99B3-3CEF-442B-B8DD-E853AB3DBC98}
		{6A89723A-4C98-46F2-9398-44ADF3531CA9} = {65D840B9-0CDA-44DD-B28E-1F869652BF0F}
		{9BB1CE3A-D9AE-481F-B5C2-43DF608D7C26} = {65D840B9-0CDA-44DD-B28E-1F869652BF0F}
		{3B911FAD-7649-4F4F-9FC5-F09F55ECDA78} = {65D840B9-0CDA-44DD-B28E-1F869652BF0F}
		{0391583D-83E1-4F5C-A460-305BAFDB5685} = {7D6D99B3-3CEF-442B-B8DD-E853AB3DBC98}
		{5EEC84E8-FF6B-4D9D-A6F6-8FFB19FF762A} = {0391583D-83E1-4F5C-A460-305BAFDB5685}
		{8242DDDF-5E39-4711-81A9-AA750BCCC15A} = {5EEC84E8-FF6B-4D9D-A6F6-8FFB19FF762A}
		{20331916-F2BD-49AD-AB48-B05BAE9165B8} = {0391583D-83E1-4F5C-A460-305BAFDB5685}
		{0C697227-4D0C-47F6-967C-8A23F700A61F} = {20331916-F2BD-49AD-AB48-B05BAE9165B8}
		{F495976D-CCFB-45F1-A937-9E18C0FD966A} = {20331916-F2BD-49AD-AB48-B05BAE9165B8}
		{FEDB1D73-B753-4D7F-A805-646F11AEC696} = {20331916-F2BD-49AD-AB48-B05BAE9165B8}
		{FAE69312-5A46-42F8-A591-9B246C601D74} = {0391583D-83E1-4F5C-A460-305BAFDB5685}
		{CE2CCF63-1075-4BC6-A7CB-7A3B55062843} = {FAE69312-5A46-42F8-A591-9B246C601D74}
		{CC4A93E3-0308-471F-819A-34426E50FE43} = {FAE69312-5A46-42F8-A591-9B246C601D74}
		{FBF7D517-7293-4971-8B83-1E8313D98694} = {FAE69312-5A46-42F8-A591-9B246C601D74}
		{D4076CCD-4189-4D57-8B0F-2707D6541BDD} = {0391583D-83E1-4F5C-A460-305BAFDB5685}
		{DC63B495-D182-42FC-BC5E-B048D32F9EB1} = {D4076CCD-4189-4D57-8B0F-2707D6541BDD}
		{8C172FD2-21BB-4F6E-BA29-AAD09CFB9018} = {0391583D-83E1-4F5C-A460-305BAFDB5685}
		{55B48589-30EC-4718-B52C-660F818CAC15} = {8C172FD2-21BB-4F6E-BA29-AAD09CFB9018}
		{F1B608A0-CA49-47A8-8E2B-1866D86979BB} = {0391583D-83E1-4F5C-A460-305BAFDB5685}
		{60899DDC-3CFA-4695-B439-9C6495824DF3} = {F1B608A0-CA49-47A8-8E2B-1866D86979BB}
		{9DDFF464-EA92-492C-A45F-5C7900E230B8} = {F1B608A0-CA49-47A8-8E2B-1866D86979BB}
		{6AD08B5A-1B09-4ED2-82D7-B0AFA3BB0D25} = {F1B608A0-CA49-47A8-8E2B-1866D86979BB}
		{9B3BF775-D3E9-4085-AEE4-AEEA1E4F3A69} = {F1B608A0-CA49-47A8-8E2B-1866D86979BB}
		{46D11928-057E-4580-9CC9-0320D75ADC94} = {0391583D-83E1-4F5C-A460-305BAFDB5685}
		{094F6940-54F4-490A-A5BB-DD2DCEEDE9D6} = {46D11928-057E-4580-9CC9-0320D75ADC94}
		{E491186D-53A5-48FD-B8CF-E9E083E4669B} = {0391583D-83E1-4F5C-A460-305BAFDB5685}
		{33467CA3-1131-4A1E-AE50-501C53F283D9} = {E491186D-53A5-48FD-B8CF-E9E083E4669B}
		{5F22D31B-1774-4D92-B5C4-6B9A600CD853} = {1849372D-FC9F-46B3-A957-809E72C8A1C9}
		{C1ADBDA7-EC0B-49C8-B8C1-0BEC29BA6C33} = {1849372D-FC9F-46B3-A957-809E72C8A1C9}
		{851DC465-0E7E-40B2-BFAE-2AD8A35842F6} = {1849372D-FC9F-46B3-A957-809E72C8A1C9}
		{8FCCB275-ABCB-46F8-BE9D-E6331E7DBF58} = {1849372D-FC9F-46B3-A957-809E72C8A1C9}
		{EF34A7F9-273B-4578-BB2B-BA4FA1514E3A} = {1849372D-FC9F-46B3-A957-809E72C8A1C9}
	EndGlobalSection
EndGlobal
